<Solution>
  <Folder Name="/api/">
    <Project Path="apps/api/MediaFlows.Data/MediaFlows.Data.csproj" />
    <Project Path="apps/api/MediaFlows.Shared/MediaFlows.Shared.csproj" />
    <Project Path="apps/api/MediaFlows.Web/MediaFlows.Web.csproj" />
  </Folder>
  <Folder Name="/lambdas/">
    <Project Path="apps/lambdas/MediaFlows.Lambda.AnalyticsAggregator/MediaFlows.Lambda.AnalyticsAggregator.csproj" />
    <Project Path="apps/lambdas/MediaFlows.Lambda.SearchApi/MediaFlows.Lambda.SearchApi.csproj" />
    <Project Path="apps/lambdas/MediaFlows.Lambda.ThumbnailGenerator/MediaFlows.Lambda.ThumbnailGenerator.csproj" />
    <Project Path="apps/lambdas/MediaFlows.Lambda.ContentModerator/MediaFlows.Lambda.ContentModerator.csproj" />
    <Project Path="apps/lambdas/MediaFlows.Lambda.NotificationDispatcher/MediaFlows.Lambda.NotificationDispatcher.csproj" />
    <Project Path="apps/lambdas/MediaFlows.Lambda.PostConfirmationGroupAssigner/MediaFlows.Lambda.PostConfirmationGroupAssigner.csproj" />
    <Project Path="apps/lambdas/MediaFlows.Lambda.TrendingApi/MediaFlows.Lambda.TrendingApi.csproj" />
  </Folder>
  <Folder Name="/tests/">
    <Project Path="apps/api/tests/MediaFlows.Tests.Common/MediaFlows.Tests.Common.csproj" />
    <Project Path="apps/api/tests/MediaFlows.Lambda.Tests/MediaFlows.Lambda.Tests.csproj" />
    <Project Path="apps/api/tests/MediaFlows.Services.Tests/MediaFlows.Services.Tests.csproj" />
    <Project Path="apps/api/tests/MediaFlows.Web.Tests/MediaFlows.Web.Tests.csproj" />
  </Folder>
</Solution>
